// !$*UTF8*$!
{
	archiveVersion = 1;
	classes = {
	};
	objectVersion = 50;
	objects = {

/* Begin PBXBuildFile section */
		048CDBFB26F36BD8004349A8 /* AppDelegate.m in Sources */ = {isa = PBXBuildFile; fileRef = 048CDBFA26F36BD8004349A8 /* AppDelegate.m */; };
		048CDBFE26F36BD8004349A8 /* SceneDelegate.m in Sources */ = {isa = PBXBuildFile; fileRef = 048CDBFD26F36BD8004349A8 /* SceneDelegate.m */; };
		048CDC0126F36BD8004349A8 /* ViewController.m in Sources */ = {isa = PBXBuildFile; fileRef = 048CDC0026F36BD8004349A8 /* ViewController.m */; };
		048CDC0426F36BD8004349A8 /* Main.storyboard in Resources */ = {isa = PBXBuildFile; fileRef = 048CDC0226F36BD8004349A8 /* Main.storyboard */; };
		048CDC0626F36BDA004349A8 /* Assets.xcassets in Resources */ = {isa = PBXBuildFile; fileRef = 048CDC0526F36BDA004349A8 /* Assets.xcassets */; };
		048CDC0926F36BDA004349A8 /* LaunchScreen.storyboard in Resources */ = {isa = PBXBuildFile; fileRef = 048CDC0726F36BDA004349A8 /* LaunchScreen.storyboard */; };
		048CDC0C26F36BDA004349A8 /* main.m in Sources */ = {isa = PBXBuildFile; fileRef = 048CDC0B26F36BDA004349A8 /* main.m */; };
		048CDC1626F36BDB004349A8 /* present_pushTests.m in Sources */ = {isa = PBXBuildFile; fileRef = 048CDC1526F36BDB004349A8 /* present_pushTests.m */; };
		048CDC2126F36BDB004349A8 /* present_pushUITests.m in Sources */ = {isa = PBXBuildFile; fileRef = 048CDC2026F36BDB004349A8 /* present_pushUITests.m */; };
		048CDC3026F36C2A004349A8 /* FirstViewController.m in Sources */ = {isa = PBXBuildFile; fileRef = 048CDC2F26F36C2A004349A8 /* FirstViewController.m */; };
		048CDC3326F36C33004349A8 /* SecondViewController.m in Sources */ = {isa = PBXBuildFile; fileRef = 048CDC3226F36C33004349A8 /* SecondViewController.m */; };
		048CDC3626F36C3E004349A8 /* PresentViewController.m in Sources */ = {isa = PBXBuildFile; fileRef = 048CDC3526F36C3E004349A8 /* PresentViewController.m */; };
/* End PBXBuildFile section */

/* Begin PBXContainerItemProxy section */
		048CDC1226F36BDB004349A8 /* PBXContainerItemProxy */ = {
			isa = PBXContainerItemProxy;
			containerPortal = 048CDBEE26F36BD8004349A8 /* Project object */;
			proxyType = 1;
			remoteGlobalIDString = 048CDBF526F36BD8004349A8;
			remoteInfo = "present和push";
		};
		048CDC1D26F36BDB004349A8 /* PBXContainerItemProxy */ = {
			isa = PBXContainerItemProxy;
			containerPortal = 048CDBEE26F36BD8004349A8 /* Project object */;
			proxyType = 1;
			remoteGlobalIDString = 048CDBF526F36BD8004349A8;
			remoteInfo = "present和push";
		};
/* End PBXContainerItemProxy section */

/* Begin PBXFileReference section */
		048CDBF626F36BD8004349A8 /* present和push.app */ = {isa = PBXFileReference; explicitFileType = wrapper.application; includeInIndex = 0; path = "present和push.app"; sourceTree = BUILT_PRODUCTS_DIR; };
		048CDBF926F36BD8004349A8 /* AppDelegate.h */ = {isa = PBXFileReference; lastKnownFileType = sourcecode.c.h; path = AppDelegate.h; sourceTree = "<group>"; };
		048CDBFA26F36BD8004349A8 /* AppDelegate.m */ = {isa = PBXFileReference; lastKnownFileType = sourcecode.c.objc; path = AppDelegate.m; sourceTree = "<group>"; };
		048CDBFC26F36BD8004349A8 /* SceneDelegate.h */ = {isa = PBXFileReference; lastKnownFileType = sourcecode.c.h; path = SceneDelegate.h; sourceTree = "<group>"; };
		048CDBFD26F36BD8004349A8 /* SceneDelegate.m */ = {isa = PBXFileReference; lastKnownFileType = sourcecode.c.objc; path = SceneDelegate.m; sourceTree = "<group>"; };
		048CDBFF26F36BD8004349A8 /* ViewController.h */ = {isa = PBXFileReference; lastKnownFileType = sourcecode.c.h; path = ViewController.h; sourceTree = "<group>"; };
		048CDC0026F36BD8004349A8 /* ViewController.m */ = {isa = PBXFileReference; lastKnownFileType = sourcecode.c.objc; path = ViewController.m; sourceTree = "<group>"; };
		048CDC0326F36BD8004349A8 /* Base */ = {isa = PBXFileReference; lastKnownFileType = file.storyboard; name = Base; path = Base.lproj/Main.storyboard; sourceTree = "<group>"; };
		048CDC0526F36BDA004349A8 /* Assets.xcassets */ = {isa = PBXFileReference; lastKnownFileType = folder.assetcatalog; path = Assets.xcassets; sourceTree = "<group>"; };
		048CDC0826F36BDA004349A8 /* Base */ = {isa = PBXFileReference; lastKnownFileType = file.storyboard; name = Base; path = Base.lproj/LaunchScreen.storyboard; sourceTree = "<group>"; };
		048CDC0A26F36BDA004349A8 /* Info.plist */ = {isa = PBXFileReference; lastKnownFileType = text.plist.xml; path = Info.plist; sourceTree = "<group>"; };
		048CDC0B26F36BDA004349A8 /* main.m */ = {isa = PBXFileReference; lastKnownFileType = sourcecode.c.objc; path = main.m; sourceTree = "<group>"; };
		048CDC1126F36BDB004349A8 /* present和pushTests.xctest */ = {isa = PBXFileReference; explicitFileType = wrapper.cfbundle; includeInIndex = 0; path = "present和pushTests.xctest"; sourceTree = BUILT_PRODUCTS_DIR; };
		048CDC1526F36BDB004349A8 /* present_pushTests.m */ = {isa = PBXFileReference; lastKnownFileType = sourcecode.c.objc; path = present_pushTests.m; sourceTree = "<group>"; };
		048CDC1726F36BDB004349A8 /* Info.plist */ = {isa = PBXFileReference; lastKnownFileType = text.plist.xml; path = Info.plist; sourceTree = "<group>"; };
		048CDC1C26F36BDB004349A8 /* present和pushUITests.xctest */ = {isa = PBXFileReference; explicitFileType = wrapper.cfbundle; includeInIndex = 0; path = "present和pushUITests.xctest"; sourceTree = BUILT_PRODUCTS_DIR; };
		048CDC2026F36BDB004349A8 /* present_pushUITests.m */ = {isa = PBXFileReference; lastKnownFileType = sourcecode.c.objc; path = present_pushUITests.m; sourceTree = "<group>"; };
		048CDC2226F36BDB004349A8 /* Info.plist */ = {isa = PBXFileReference; lastKnownFileType = text.plist.xml; path = Info.plist; sourceTree = "<group>"; };
		048CDC2E26F36C2A004349A8 /* FirstViewController.h */ = {isa = PBXFileReference; lastKnownFileType = sourcecode.c.h; path = FirstViewController.h; sourceTree = "<group>"; };
		048CDC2F26F36C2A004349A8 /* FirstViewController.m */ = {isa = PBXFileReference; lastKnownFileType = sourcecode.c.objc; path = FirstViewController.m; sourceTree = "<group>"; };
		048CDC3126F36C33004349A8 /* SecondViewController.h */ = {isa = PBXFileReference; lastKnownFileType = sourcecode.c.h; path = SecondViewController.h; sourceTree = "<group>"; };
		048CDC3226F36C33004349A8 /* SecondViewController.m */ = {isa = PBXFileReference; lastKnownFileType = sourcecode.c.objc; path = SecondViewController.m; sourceTree = "<group>"; };
		048CDC3426F36C3E004349A8 /* PresentViewController.h */ = {isa = PBXFileReference; lastKnownFileType = sourcecode.c.h; path = PresentViewController.h; sourceTree = "<group>"; };
		048CDC3526F36C3E004349A8 /* PresentViewController.m */ = {isa = PBXFileReference; lastKnownFileType = sourcecode.c.objc; path = PresentViewController.m; sourceTree = "<group>"; };
/* End PBXFileReference section */

/* Begin PBXFrameworksBuildPhase section */
		048CDBF326F36BD8004349A8 /* Frameworks */ = {
			isa = PBXFrameworksBuildPhase;
			buildActionMask = 2147483647;
			files = (
			);
			runOnlyForDeploymentPostprocessing = 0;
		};
		048CDC0E26F36BDB004349A8 /* Frameworks */ = {
			isa = PBXFrameworksBuildPhase;
			buildActionMask = 2147483647;
			files = (
			);
			runOnlyForDeploymentPostprocessing = 0;
		};
		048CDC1926F36BDB004349A8 /* Frameworks */ = {
			isa = PBXFrameworksBuildPhase;
			buildActionMask = 2147483647;
			files = (
			);
			runOnlyForDeploymentPostprocessing = 0;
		};
/* End PBXFrameworksBuildPhase section */

/* Begin PBXGroup section */
		048CDBED26F36BD8004349A8 = {
			isa = PBXGroup;
			children = (
				048CDBF826F36BD8004349A8 /* present和push */,
				048CDC1426F36BDB004349A8 /* present和pushTests */,
				048CDC1F26F36BDB004349A8 /* present和pushUITests */,
				048CDBF726F36BD8004349A8 /* Products */,
			);
			sourceTree = "<group>";
		};
		048CDBF726F36BD8004349A8 /* Products */ = {
			isa = PBXGroup;
			children = (
				048CDBF626F36BD8004349A8 /* present和push.app */,
				048CDC1126F36BDB004349A8 /* present和pushTests.xctest */,
				048CDC1C26F36BDB004349A8 /* present和pushUITests.xctest */,
			);
			name = Products;
			sourceTree = "<group>";
		};
		048CDBF826F36BD8004349A8 /* present和push */ = {
			isa = PBXGroup;
			children = (
				048CDBF926F36BD8004349A8 /* AppDelegate.h */,
				048CDBFA26F36BD8004349A8 /* AppDelegate.m */,
				048CDBFC26F36BD8004349A8 /* SceneDelegate.h */,
				048CDBFD26F36BD8004349A8 /* SceneDelegate.m */,
				048CDBFF26F36BD8004349A8 /* ViewController.h */,
				048CDC0026F36BD8004349A8 /* ViewController.m */,
				048CDC2E26F36C2A004349A8 /* FirstViewController.h */,
				048CDC2F26F36C2A004349A8 /* FirstViewController.m */,
				048CDC3126F36C33004349A8 /* SecondViewController.h */,
				048CDC3226F36C33004349A8 /* SecondViewController.m */,
				048CDC3426F36C3E004349A8 /* PresentViewController.h */,
				048CDC3526F36C3E004349A8 /* PresentViewController.m */,
				048CDC0226F36BD8004349A8 /* Main.storyboard */,
				048CDC0526F36BDA004349A8 /* Assets.xcassets */,
				048CDC0726F36BDA004349A8 /* LaunchScreen.storyboard */,
				048CDC0A26F36BDA004349A8 /* Info.plist */,
				048CDC0B26F36BDA004349A8 /* main.m */,
			);
			path = "present和push";
			sourceTree = "<group>";
		};
		048CDC1426F36BDB004349A8 /* present和pushTests */ = {
			isa = PBXGroup;
			children = (
				048CDC1526F36BDB004349A8 /* present_pushTests.m */,
				048CDC1726F36BDB004349A8 /* Info.plist */,
			);
			path = "present和pushTests";
			sourceTree = "<group>";
		};
		048CDC1F26F36BDB004349A8 /* present和pushUITests */ = {
			isa = PBXGroup;
			children = (
				048CDC2026F36BDB004349A8 /* present_pushUITests.m */,
				048CDC2226F36BDB004349A8 /* Info.plist */,
			);
			path = "present和pushUITests";
			sourceTree = "<group>";
		};
/* End PBXGroup section */

/* Begin PBXNativeTarget section */
		048CDBF526F36BD8004349A8 /* present和push */ = {
			isa = PBXNativeTarget;
			buildConfigurationList = 048CDC2526F36BDB004349A8 /* Build configuration list for PBXNativeTarget "present和push" */;
			buildPhases = (
				048CDBF226F36BD8004349A8 /* Sources */,
				048CDBF326F36BD8004349A8 /* Frameworks */,
				048CDBF426F36BD8004349A8 /* Resources */,
			);
			buildRules = (
			);
			dependencies = (
			);
			name = "present和push";
			productName = "present和push";
			productReference = 048CDBF626F36BD8004349A8 /* present和push.app */;
			productType = "com.apple.product-type.application";
		};
		048CDC1026F36BDB004349A8 /* present和pushTests */ = {
			isa = PBXNativeTarget;
			buildConfigurationList = 048CDC2826F36BDB004349A8 /* Build configuration list for PBXNativeTarget "present和pushTests" */;
			buildPhases = (
				048CDC0D26F36BDB004349A8 /* Sources */,
				048CDC0E26F36BDB004349A8 /* Frameworks */,
				048CDC0F26F36BDB004349A8 /* Resources */,
			);
			buildRules = (
			);
			dependencies = (
				048CDC1326F36BDB004349A8 /* PBXTargetDependency */,
			);
			name = "present和pushTests";
			productName = "present和pushTests";
			productReference = 048CDC1126F36BDB004349A8 /* present和pushTests.xctest */;
			productType = "com.apple.product-type.bundle.unit-test";
		};
		048CDC1B26F36BDB004349A8 /* present和pushUITests */ = {
			isa = PBXNativeTarget;
			buildConfigurationList = 048CDC2B26F36BDB004349A8 /* Build configuration list for PBXNativeTarget "present和pushUITests" */;
			buildPhases = (
				048CDC1826F36BDB004349A8 /* Sources */,
				048CDC1926F36BDB004349A8 /* Frameworks */,
				048CDC1A26F36BDB004349A8 /* Resources */,
			);
			buildRules = (
			);
			dependencies = (
				048CDC1E26F36BDB004349A8 /* PBXTargetDependency */,
			);
			name = "present和pushUITests";
			productName = "present和pushUITests";
			productReference = 048CDC1C26F36BDB004349A8 /* present和pushUITests.xctest */;
			productType = "com.apple.product-type.bundle.ui-testing";
		};
/* End PBXNativeTarget section */

/* Begin PBXProject section */
		048CDBEE26F36BD8004349A8 /* Project object */ = {
			isa = PBXProject;
			attributes = {
				LastUpgradeCheck = 1130;
				ORGANIZATIONNAME = mac;
				TargetAttributes = {
					048CDBF526F36BD8004349A8 = {
						CreatedOnToolsVersion = 11.3;
					};
					048CDC1026F36BDB004349A8 = {
						CreatedOnToolsVersion = 11.3;
						TestTargetID = 048CDBF526F36BD8004349A8;
					};
					048CDC1B26F36BDB004349A8 = {
						CreatedOnToolsVersion = 11.3;
						TestTargetID = 048CDBF526F36BD8004349A8;
					};
				};
			};
			buildConfigurationList = 048CDBF126F36BD8004349A8 /* Build configuration list for PBXProject "present和push" */;
			compatibilityVersion = "Xcode 9.3";
			developmentRegion = en;
			hasScannedForEncodings = 0;
			knownRegions = (
				en,
				Base,
			);
			mainGroup = 048CDBED26F36BD8004349A8;
			productRefGroup = 048CDBF726F36BD8004349A8 /* Products */;
			projectDirPath = "";
			projectRoot = "";
			targets = (
				048CDBF526F36BD8004349A8 /* present和push */,
				048CDC1026F36BDB004349A8 /* present和pushTests */,
				048CDC1B26F36BDB004349A8 /* present和pushUITests */,
			);
		};
/* End PBXProject section */

/* Begin PBXResourcesBuildPhase section */
		048CDBF426F36BD8004349A8 /* Resources */ = {
			isa = PBXResourcesBuildPhase;
			buildActionMask = 2147483647;
			files = (
				048CDC0926F36BDA004349A8 /* LaunchScreen.storyboard in Resources */,
				048CDC0626F36BDA004349A8 /* Assets.xcassets in Resources */,
				048CDC0426F36BD8004349A8 /* Main.storyboard in Resources */,
			);
			runOnlyForDeploymentPostprocessing = 0;
		};
		048CDC0F26F36BDB004349A8 /* Resources */ = {
			isa = PBXResourcesBuildPhase;
			buildActionMask = 2147483647;
			files = (
			);
			runOnlyForDeploymentPostprocessing = 0;
		};
		048CDC1A26F36BDB004349A8 /* Resources */ = {
			isa = PBXResourcesBuildPhase;
			buildActionMask = 2147483647;
			files = (
			);
			runOnlyForDeploymentPostprocessing = 0;
		};
/* End PBXResourcesBuildPhase section */

/* Begin PBXSourcesBuildPhase section */
		048CDBF226F36BD8004349A8 /* Sources */ = {
			isa = PBXSourcesBuildPhase;
			buildActionMask = 2147483647;
			files = (
				048CDC3326F36C33004349A8 /* SecondViewController.m in Sources */,
				048CDC0126F36BD8004349A8 /* ViewController.m in Sources */,
				048CDBFB26F36BD8004349A8 /* AppDelegate.m in Sources */,
				048CDC3026F36C2A004349A8 /* FirstViewController.m in Sources */,
				048CDC3626F36C3E004349A8 /* PresentViewController.m in Sources */,
				048CDC0C26F36BDA004349A8 /* main.m in Sources */,
				048CDBFE26F36BD8004349A8 /* SceneDelegate.m in Sources */,
			);
			runOnlyForDeploymentPostprocessing = 0;
		};
		048CDC0D26F36BDB004349A8 /* Sources */ = {
			isa = PBXSourcesBuildPhase;
			buildActionMask = 2147483647;
			files = (
				048CDC1626F36BDB004349A8 /* present_pushTests.m in Sources */,
			);
			runOnlyForDeploymentPostprocessing = 0;
		};
		048CDC1826F36BDB004349A8 /* Sources */ = {
			isa = PBXSourcesBuildPhase;
			buildActionMask = 2147483647;
			files = (
				048CDC2126F36BDB004349A8 /* present_pushUITests.m in Sources */,
			);
			runOnlyForDeploymentPostprocessing = 0;
		};
/* End PBXSourcesBuildPhase section */

/* Begin PBXTargetDependency section */
		048CDC1326F36BDB004349A8 /* PBXTargetDependency */ = {
			isa = PBXTargetDependency;
			target = 048CDBF526F36BD8004349A8 /* present和push */;
			targetProxy = 048CDC1226F36BDB004349A8 /* PBXContainerItemProxy */;
		};
		048CDC1E26F36BDB004349A8 /* PBXTargetDependency */ = {
			isa = PBXTargetDependency;
			target = 048CDBF526F36BD8004349A8 /* present和push */;
			targetProxy = 048CDC1D26F36BDB004349A8 /* PBXContainerItemProxy */;
		};
/* End PBXTargetDependency section */

/* Begin PBXVariantGroup section */
		048CDC0226F36BD8004349A8 /* Main.storyboard */ = {
			isa = PBXVariantGroup;
			children = (
				048CDC0326F36BD8004349A8 /* Base */,
			);
			name = Main.storyboard;
			sourceTree = "<group>";
		};
		048CDC0726F36BDA004349A8 /* LaunchScreen.storyboard */ = {
			isa = PBXVariantGroup;
			children = (
				048CDC0826F36BDA004349A8 /* Base */,
			);
			name = LaunchScreen.storyboard;
			sourceTree = "<group>";
		};
/* End PBXVariantGroup section */

/* Begin XCBuildConfiguration section */
		048CDC2326F36BDB004349A8 /* Debug */ = {
			isa = XCBuildConfiguration;
			buildSettings = {
				ALWAYS_SEARCH_USER_PATHS = NO;
				CLANG_ANALYZER_NONNULL = YES;
				CLANG_ANALYZER_NUMBER_OBJECT_CONVERSION = YES_AGGRESSIVE;
				CLANG_CXX_LANGUAGE_STANDARD = "gnu++14";
				CLANG_CXX_LIBRARY = "libc++";
				CLANG_ENABLE_MODULES = YES;
				CLANG_ENABLE_OBJC_ARC = YES;
				CLANG_ENABLE_OBJC_WEAK = YES;
				CLANG_WARN_BLOCK_CAPTURE_AUTORELEASING = YES;
				CLANG_WARN_BOOL_CONVERSION = YES;
				CLANG_WARN_COMMA = YES;
				CLANG_WARN_CONSTANT_CONVERSION = YES;
				CLANG_WARN_DEPRECATED_OBJC_IMPLEMENTATIONS = YES;
				CLANG_WARN_DIRECT_OBJC_ISA_USAGE = YES_ERROR;
				CLANG_WARN_DOCUMENTATION_COMMENTS = YES;
				CLANG_WARN_EMPTY_BODY = YES;
				CLANG_WARN_ENUM_CONVERSION = YES;
				CLANG_WARN_INFINITE_RECURSION = YES;
				CLANG_WARN_INT_CONVERSION = YES;
				CLANG_WARN_NON_LITERAL_NULL_CONVERSION = YES;
				CLANG_WARN_OBJC_IMPLICIT_RETAIN_SELF = YES;
				CLANG_WARN_OBJC_LITERAL_CONVERSION = YES;
				CLANG_WARN_OBJC_ROOT_CLASS = YES_ERROR;
				CLANG_WARN_RANGE_LOOP_ANALYSIS = YES;
				CLANG_WARN_STRICT_PROTOTYPES = YES;
				CLANG_WARN_SUSPICIOUS_MOVE = YES;
				CLANG_WARN_UNGUARDED_AVAILABILITY = YES_AGGRESSIVE;
				CLANG_WARN_UNREACHABLE_CODE = YES;
				CLANG_WARN__DUPLICATE_METHOD_MATCH = YES;
				COPY_PHASE_STRIP = NO;
				DEBUG_INFORMATION_FORMAT = dwarf;
				ENABLE_STRICT_OBJC_MSGSEND = YES;
				ENABLE_TESTABILITY = YES;
				GCC_C_LANGUAGE_STANDARD = gnu11;
				GCC_DYNAMIC_NO_PIC = NO;
				GCC_NO_COMMON_BLOCKS = YES;
				GCC_OPTIMIZATION_LEVEL = 0;
				GCC_PREPROCESSOR_DEFINITIONS = (
					"DEBUG=1",
					"$(inherited)",
				);
				GCC_WARN_64_TO_32_BIT_CONVERSION = YES;
				GCC_WARN_ABOUT_RETURN_TYPE = YES_ERROR;
				GCC_WARN_UNDECLARED_SELECTOR = YES;
				GCC_WARN_UNINITIALIZED_AUTOS = YES_AGGRESSIVE;
				GCC_WARN_UNUSED_FUNCTION = YES;
				GCC_WARN_UNUSED_VARIABLE = YES;
				IPHONEOS_DEPLOYMENT_TARGET = 13.2;
				MTL_ENABLE_DEBUG_INFO = INCLUDE_SOURCE;
				MTL_FAST_MATH = YES;
				ONLY_ACTIVE_ARCH = YES;
				SDKROOT = iphoneos;
			};
			name = Debug;
		};
		048CDC2426F36BDB004349A8 /* Release */ = {
			isa = XCBuildConfiguration;
			buildSettings = {
				ALWAYS_SEARCH_USER_PATHS = NO;
				CLANG_ANALYZER_NONNULL = YES;
				CLANG_ANALYZER_NUMBER_OBJECT_CONVERSION = YES_AGGRESSIVE;
				CLANG_CXX_LANGUAGE_STANDARD = "gnu++14";
				CLANG_CXX_LIBRARY = "libc++";
				CLANG_ENABLE_MODULES = YES;
				CLANG_ENABLE_OBJC_ARC = YES;
				CLANG_ENABLE_OBJC_WEAK = YES;
				CLANG_WARN_BLOCK_CAPTURE_AUTORELEASING = YES;
				CLANG_WARN_BOOL_CONVERSION = YES;
				CLANG_WARN_COMMA = YES;
				CLANG_WARN_CONSTANT_CONVERSION = YES;
				CLANG_WARN_DEPRECATED_OBJC_IMPLEMENTATIONS = YES;
				CLANG_WARN_DIRECT_OBJC_ISA_USAGE = YES_ERROR;
				CLANG_WARN_DOCUMENTATION_COMMENTS = YES;
				CLANG_WARN_EMPTY_BODY = YES;
				CLANG_WARN_ENUM_CONVERSION = YES;
				CLANG_WARN_INFINITE_RECURSION = YES;
				CLANG_WARN_INT_CONVERSION = YES;
				CLANG_WARN_NON_LITERAL_NULL_CONVERSION = YES;
				CLANG_WARN_OBJC_IMPLICIT_RETAIN_SELF = YES;
				CLANG_WARN_OBJC_LITERAL_CONVERSION = YES;
				CLANG_WARN_OBJC_ROOT_CLASS = YES_ERROR;
				CLANG_WARN_RANGE_LOOP_ANALYSIS = YES;
				CLANG_WARN_STRICT_PROTOTYPES = YES;
				CLANG_WARN_SUSPICIOUS_MOVE = YES;
				CLANG_WARN_UNGUARDED_AVAILABILITY = YES_AGGRESSIVE;
				CLANG_WARN_UNREACHABLE_CODE = YES;
				CLANG_WARN__DUPLICATE_METHOD_MATCH = YES;
				COPY_PHASE_STRIP = NO;
				DEBUG_INFORMATION_FORMAT = "dwarf-with-dsym";
				ENABLE_NS_ASSERTIONS = NO;
				ENABLE_STRICT_OBJC_MSGSEND = YES;
				GCC_C_LANGUAGE_STANDARD = gnu11;
				GCC_NO_COMMON_BLOCKS = YES;
				GCC_WARN_64_TO_32_BIT_CONVERSION = YES;
				GCC_WARN_ABOUT_RETURN_TYPE = YES_ERROR;
				GCC_WARN_UNDECLARED_SELECTOR = YES;
				GCC_WARN_UNINITIALIZED_AUTOS = YES_AGGRESSIVE;
				GCC_WARN_UNUSED_FUNCTION = YES;
				GCC_WARN_UNUSED_VARIABLE = YES;
				IPHONEOS_DEPLOYMENT_TARGET = 13.2;
				MTL_ENABLE_DEBUG_INFO = NO;
				MTL_FAST_MATH = YES;
				SDKROOT = iphoneos;
				VALIDATE_PRODUCT = YES;
			};
			name = Release;
		};
		048CDC2626F36BDB004349A8 /* Debug */ = {
			isa = XCBuildConfiguration;
			buildSettings = {
				ASSETCATALOG_COMPILER_APPICON_NAME = AppIcon;
				CODE_SIGN_STYLE = Automatic;
				INFOPLIST_FILE = "present和push/Info.plist";
				LD_RUNPATH_SEARCH_PATHS = (
					"$(inherited)",
					"@executable_path/Frameworks",
				);
				PRODUCT_BUNDLE_IDENTIFIER = "GGGGGG.present-push";
				PRODUCT_NAME = "$(TARGET_NAME)";
				TARGETED_DEVICE_FAMILY = "1,2";
			};
			name = Debug;
		};
		048CDC2726F36BDB004349A8 /* Release */ = {
			isa = XCBuildConfiguration;
			buildSettings = {
				ASSETCATALOG_COMPILER_APPICON_NAME = AppIcon;
				CODE_SIGN_STYLE = Automatic;
				INFOPLIST_FILE = "present和push/Info.plist";
				LD_RUNPATH_SEARCH_PATHS = (
					"$(inherited)",
					"@executable_path/Frameworks",
				);
				PRODUCT_BUNDLE_IDENTIFIER = "GGGGGG.present-push";
				PRODUCT_NAME = "$(TARGET_NAME)";
				TARGETED_DEVICE_FAMILY = "1,2";
			};
			name = Release;
		};
		048CDC2926F36BDB004349A8 /* Debug */ = {
			isa = XCBuildConfiguration;
			buildSettings = {
				BUNDLE_LOADER = "$(TEST_HOST)";
				CODE_SIGN_STYLE = Automatic;
				INFOPLIST_FILE = "present和pushTests/Info.plist";
				IPHONEOS_DEPLOYMENT_TARGET = 13.2;
				LD_RUNPATH_SEARCH_PATHS = (
					"$(inherited)",
					"@executable_path/Frameworks",
					"@loader_path/Frameworks",
				);
				PRODUCT_BUNDLE_IDENTIFIER = "GGGGGG.present-pushTests";
				PRODUCT_NAME = "$(TARGET_NAME)";
				TARGETED_DEVICE_FAMILY = "1,2";
				TEST_HOST = "$(BUILT_PRODUCTS_DIR)/present和push.app/present和push";
			};
			name = Debug;
		};
		048CDC2A26F36BDB004349A8 /* Release */ = {
			isa = XCBuildConfiguration;
			buildSettings = {
				BUNDLE_LOADER = "$(TEST_HOST)";
				CODE_SIGN_STYLE = Automatic;
				INFOPLIST_FILE = "present和pushTests/Info.plist";
				IPHONEOS_DEPLOYMENT_TARGET = 13.2;
				LD_RUNPATH_SEARCH_PATHS = (
					"$(inherited)",
					"@executable_path/Frameworks",
					"@loader_path/Frameworks",
				);
				PRODUCT_BUNDLE_IDENTIFIER = "GGGGGG.present-pushTests";
				PRODUCT_NAME = "$(TARGET_NAME)";
				TARGETED_DEVICE_FAMILY = "1,2";
				TEST_HOST = "$(BUILT_PRODUCTS_DIR)/present和push.app/present和push";
			};
			name = Release;
		};
		048CDC2C26F36BDB004349A8 /* Debug */ = {
			isa = XCBuildConfiguration;
			buildSettings = {
				CODE_SIGN_STYLE = Automatic;
				INFOPLIST_FILE = "present和pushUITests/Info.plist";
				LD_RUNPATH_SEARCH_PATHS = (
					"$(inherited)",
					"@executable_path/Frameworks",
					"@loader_path/Frameworks",
				);
				PRODUCT_BUNDLE_IDENTIFIER = "GGGGGG.present-pushUITests";
				PRODUCT_NAME = "$(TARGET_NAME)";
				TARGETED_DEVICE_FAMILY = "1,2";
				TEST_TARGET_NAME = "present和push";
			};
			name = Debug;
		};
		048CDC2D26F36BDB004349A8 /* Release */ = {
			isa = XCBuildConfiguration;
			buildSettings = {
				CODE_SIGN_STYLE = Automatic;
				INFOPLIST_FILE = "present和pushUITests/Info.plist";
				LD_RUNPATH_SEARCH_PATHS = (
					"$(inherited)",
					"@executable_path/Frameworks",
					"@loader_path/Frameworks",
				);
				PRODUCT_BUNDLE_IDENTIFIER = "GGGGGG.present-pushUITests";
				PRODUCT_NAME = "$(TARGET_NAME)";
				TARGETED_DEVICE_FAMILY = "1,2";
				TEST_TARGET_NAME = "present和push";
			};
			name = Release;
		};
/* End XCBuildConfiguration section */

/* Begin XCConfigurationList section */
		048CDBF126F36BD8004349A8 /* Build configuration list for PBXProject "present和push" */ = {
			isa = XCConfigurationList;
			buildConfigurations = (
				048CDC2326F36BDB004349A8 /* Debug */,
				048CDC2426F36BDB004349A8 /* Release */,
			);
			defaultConfigurationIsVisible = 0;
			defaultConfigurationName = Release;
		};
		048CDC2526F36BDB004349A8 /* Build configuration list for PBXNativeTarget "present和push" */ = {
			isa = XCConfigurationList;
			buildConfigurations = (
				048CDC2626F36BDB004349A8 /* Debug */,
				048CDC2726F36BDB004349A8 /* Release */,
			);
			defaultConfigurationIsVisible = 0;
			defaultConfigurationName = Release;
		};
		048CDC2826F36BDB004349A8 /* Build configuration list for PBXNativeTarget "present和pushTests" */ = {
			isa = XCConfigurationList;
			buildConfigurations = (
				048CDC2926F36BDB004349A8 /* Debug */,
				048CDC2A26F36BDB004349A8 /* Release */,
			);
			defaultConfigurationIsVisible = 0;
			defaultConfigurationName = Release;
		};
		048CDC2B26F36BDB004349A8 /* Build configuration list for PBXNativeTarget "present和pushUITests" */ = {
			isa = XCConfigurationList;
			buildConfigurations = (
				048CDC2C26F36BDB004349A8 /* Debug */,
				048CDC2D26F36BDB004349A8 /* Release */,
			);
			defaultConfigurationIsVisible = 0;
			defaultConfigurationName = Release;
		};
/* End XCConfigurationList section */
	};
	rootObject = 048CDBEE26F36BD8004349A8 /* Project object */;
}
